<?xml version="1.0" encoding="utf-8"?>
<Project ToolsVersion="4.0" xmlns="http://schemas.microsoft.com/developer/msbuild/2003">
  <ItemGroup>
    <ClCompile Include="AudioPlayer.cpp" />
    <ClCompile Include="BG.cpp" />
    <ClCompile Include="Bullet.cpp" />
    <ClCompile Include="Button.cpp" />
    <ClCompile Include="Camera.cpp" />
    <ClCompile Include="CreditsState.cpp" />
    <ClCompile Include="Cursor.cpp" />
    <ClCompile Include="EnemyAtt.cpp" />
    <ClCompile Include="EnemyProgress.cpp" />
    <ClCompile Include="Entity.cpp" />
    <ClCompile Include="GameModeState.cpp" />
    <ClCompile Include="GameStateManager.cpp" />
    <ClCompile Include="Grid.cpp" />
    <ClCompile Include="InstructionState.cpp" />
    <ClCompile Include="IntroState.cpp" />
    <ClCompile Include="LevelSelectState.cpp" />
    <ClCompile Include="main.cpp" />
    <ClCompile Include="Map.cpp" />
    <ClCompile Include="MenuState.cpp" />
    <ClCompile Include="PlayerInfo.cpp" />
    <ClCompile Include="PlayState.cpp" />
    <ClCompile Include="Powerup.cpp" />
    <ClCompile Include="SettingsState.cpp" />
    <ClCompile Include="Spawn.cpp" />
    <ClCompile Include="Tank.cpp" />
    <ClCompile Include="TowerAtt.cpp" />
    <ClCompile Include="Units.cpp" />
    <ClCompile Include="Vector3.cpp" />
    <ClCompile Include="MiniGame.cpp" />
  </ItemGroup>
  <ItemGroup>
    <ClInclude Include="AudioPlayer.h" />
    <ClInclude Include="BG.h" />
    <ClInclude Include="Bullet.h" />
    <ClInclude Include="Button.h" />
    <ClInclude Include="Camera.h" />
    <ClInclude Include="CreditsState.h" />
    <ClInclude Include="Cursor.h" />
    <ClInclude Include="EnemyAtt.h" />
    <ClInclude Include="EnemyProgress.h" />
    <ClInclude Include="Entity.h" />
    <ClInclude Include="GameModeState.h" />
    <ClInclude Include="GameState.h" />
    <ClInclude Include="GameStateManager.h" />
    <ClInclude Include="Grid.h" />
    <ClInclude Include="InstructionState.h" />
    <ClInclude Include="IntroState.h" />
    <ClInclude Include="LevelSelectState.h" />
    <ClInclude Include="main.h" />
    <ClInclude Include="Map.h" />
    <ClInclude Include="MenuState.h" />
    <ClInclude Include="Mouse.h" />
    <ClInclude Include="PlayerInfo.h" />
    <ClInclude Include="PlayState.h" />
    <ClInclude Include="Powerup.h" />
    <ClInclude Include="SettingsState.h" />
    <ClInclude Include="Spawn.h" />
    <ClInclude Include="Tank.h" />
    <ClInclude Include="TextureImage.h" />
    <ClInclude Include="TowerAtt.h" />
    <ClInclude Include="Units.h" />
    <ClInclude Include="Vector3.h" />
    <ClInclude Include="MiniGame.h" />
  </ItemGroup>
</Project>